
Microsoft Visual Studio Solution File, Format Version 12.00
# Visual Studio 15
VisualStudioVersion = 15.0.28307.136
MinimumVisualStudioVersion = 10.0.40219.1
Project("{FAE04EC0-301F-11D3-BF4B-00C04F79EFBC}") = "Forum", "Forum\Forum.csproj", "{744992D2-1506-4084-9D17-37F4325067FF}"
EndProject
Project("{2150E333-8FDC-42A3-9474-1A3956D46DE8}") = "Src", "Src", "{BAE96BC6-4204-477C-8E3B-9BCC0F30CA00}"
EndProject
Project("{2150E333-8FDC-42A3-9474-1A3956D46DE8}") = "Domain", "Domain", "{A7311455-A37F-4D40-8B69-EC272E8F4DA0}"
EndProject
Project("{2150E333-8FDC-42A3-9474-1A3956D46DE8}") = "Infrastructure", "Infrastructure", "{7446C1D4-1BA4-47F7-9BB9-065AFFD0CBA7}"
EndProject
Project("{2150E333-8FDC-42A3-9474-1A3956D46DE8}") = "Services", "Services", "{F5708DA4-C892-4CD2-86C2-4E9854872698}"
EndProject
Project("{2150E333-8FDC-42A3-9474-1A3956D46DE8}") = "Presentation", "Presentation", "{CF77E6D9-8730-42E9-AF15-AAD864A521CC}"
EndProject
Project("{FAE04EC0-301F-11D3-BF4B-00C04F79EFBC}") = "Forum.Domain.Core", "Forum.Domain.Core\Forum.Domain.Core.csproj", "{2C67C60B-B373-4B19-9679-5CDA62587BFC}"
EndProject
Project("{FAE04EC0-301F-11D3-BF4B-00C04F79EFBC}") = "Forum.Domain.Interfaces", "Forum.Domain.Interfaces\Forum.Domain.Interfaces.csproj", "{81E03FA6-9B18-4F37-BFFB-2F373C2105D9}"
EndProject
Project("{FAE04EC0-301F-11D3-BF4B-00C04F79EFBC}") = "Forum.Infrastructure.Business", "Forum.Infrastructure.Business\Forum.Infrastructure.Business.csproj", "{CF3A7CE6-FEAD-462F-A1DC-93C11CB097CE}"
EndProject
Project("{FAE04EC0-301F-11D3-BF4B-00C04F79EFBC}") = "Forum.Infrastructure.Data", "Forum.Infrastructure.Data\Forum.Infrastructure.Data.csproj", "{1AB8BFD4-154B-4F26-AF64-7D1929806F5F}"
EndProject
Project("{FAE04EC0-301F-11D3-BF4B-00C04F79EFBC}") = "Forum.Services.Interfaces", "Forum.Services.Interfaces\Forum.Services.Interfaces.csproj", "{2E70DA54-9F6F-47B4-A5AD-E2AA914DC35B}"
EndProject
Project("{2150E333-8FDC-42A3-9474-1A3956D46DE8}") = "Tests", "Tests", "{C2EA662C-0385-4F59-B402-C69E9C0B35C5}"
EndProject
Global
	GlobalSection(SolutionConfigurationPlatforms) = preSolution
		Debug|Any CPU = Debug|Any CPU
		Release|Any CPU = Release|Any CPU
	EndGlobalSection
	GlobalSection(ProjectConfigurationPlatforms) = postSolution
		{744992D2-1506-4084-9D17-37F4325067FF}.Debug|Any CPU.ActiveCfg = Debug|Any CPU
		{744992D2-1506-4084-9D17-37F4325067FF}.Debug|Any CPU.Build.0 = Debug|Any CPU
		{744992D2-1506-4084-9D17-37F4325067FF}.Release|Any CPU.ActiveCfg = Release|Any CPU
		{744992D2-1506-4084-9D17-37F4325067FF}.Release|Any CPU.Build.0 = Release|Any CPU
		{2C67C60B-B373-4B19-9679-5CDA62587BFC}.Debug|Any CPU.ActiveCfg = Debug|Any CPU
		{2C67C60B-B373-4B19-9679-5CDA62587BFC}.Debug|Any CPU.Build.0 = Debug|Any CPU
		{2C67C60B-B373-4B19-9679-5CDA62587BFC}.Release|Any CPU.ActiveCfg = Release|Any CPU
		{2C67C60B-B373-4B19-9679-5CDA62587BFC}.Release|Any CPU.Build.0 = Release|Any CPU
		{81E03FA6-9B18-4F37-BFFB-2F373C2105D9}.Debug|Any CPU.ActiveCfg = Debug|Any CPU
		{81E03FA6-9B18-4F37-BFFB-2F373C2105D9}.Debug|Any CPU.Build.0 = Debug|Any CPU
		{81E03FA6-9B18-4F37-BFFB-2F373C2105D9}.Release|Any CPU.ActiveCfg = Release|Any CPU
		{81E03FA6-9B18-4F37-BFFB-2F373C2105D9}.Release|Any CPU.Build.0 = Release|Any CPU
		{CF3A7CE6-FEAD-462F-A1DC-93C11CB097CE}.Debug|Any CPU.ActiveCfg = Debug|Any CPU
		{CF3A7CE6-FEAD-462F-A1DC-93C11CB097CE}.Debug|Any CPU.Build.0 = Debug|Any CPU
		{CF3A7CE6-FEAD-462F-A1DC-93C11CB097CE}.Release|Any CPU.ActiveCfg = Release|Any CPU
		{CF3A7CE6-FEAD-462F-A1DC-93C11CB097CE}.Release|Any CPU.Build.0 = Release|Any CPU
		{1AB8BFD4-154B-4F26-AF64-7D1929806F5F}.Debug|Any CPU.ActiveCfg = Debug|Any CPU
		{1AB8BFD4-154B-4F26-AF64-7D1929806F5F}.Debug|Any CPU.Build.0 = Debug|Any CPU
		{1AB8BFD4-154B-4F26-AF64-7D1929806F5F}.Release|Any CPU.ActiveCfg = Release|Any CPU
		{1AB8BFD4-154B-4F26-AF64-7D1929806F5F}.Release|Any CPU.Build.0 = Release|Any CPU
		{2E70DA54-9F6F-47B4-A5AD-E2AA914DC35B}.Debug|Any CPU.ActiveCfg = Debug|Any CPU
		{2E70DA54-9F6F-47B4-A5AD-E2AA914DC35B}.Debug|Any CPU.Build.0 = Debug|Any CPU
		{2E70DA54-9F6F-47B4-A5AD-E2AA914DC35B}.Release|Any CPU.ActiveCfg = Release|Any CPU
		{2E70DA54-9F6F-47B4-A5AD-E2AA914DC35B}.Release|Any CPU.Build.0 = Release|Any CPU
	EndGlobalSection
	GlobalSection(SolutionProperties) = preSolution
		HideSolutionNode = FALSE
	EndGlobalSection
	GlobalSection(NestedProjects) = preSolution
		{744992D2-1506-4084-9D17-37F4325067FF} = {CF77E6D9-8730-42E9-AF15-AAD864A521CC}
		{A7311455-A37F-4D40-8B69-EC272E8F4DA0} = {BAE96BC6-4204-477C-8E3B-9BCC0F30CA00}
		{7446C1D4-1BA4-47F7-9BB9-065AFFD0CBA7} = {BAE96BC6-4204-477C-8E3B-9BCC0F30CA00}
		{F5708DA4-C892-4CD2-86C2-4E9854872698} = {BAE96BC6-4204-477C-8E3B-9BCC0F30CA00}
		{CF77E6D9-8730-42E9-AF15-AAD864A521CC} = {BAE96BC6-4204-477C-8E3B-9BCC0F30CA00}
		{2C67C60B-B373-4B19-9679-5CDA62587BFC} = {A7311455-A37F-4D40-8B69-EC272E8F4DA0}
		{81E03FA6-9B18-4F37-BFFB-2F373C2105D9} = {A7311455-A37F-4D40-8B69-EC272E8F4DA0}
		{CF3A7CE6-FEAD-462F-A1DC-93C11CB097CE} = {7446C1D4-1BA4-47F7-9BB9-065AFFD0CBA7}
		{1AB8BFD4-154B-4F26-AF64-7D1929806F5F} = {7446C1D4-1BA4-47F7-9BB9-065AFFD0CBA7}
		{2E70DA54-9F6F-47B4-A5AD-E2AA914DC35B} = {F5708DA4-C892-4CD2-86C2-4E9854872698}
	EndGlobalSection
	GlobalSection(ExtensibilityGlobals) = postSolution
		SolutionGuid = {BAE2B288-EDAE-43DD-8C87-CFC11BC55DF3}
	EndGlobalSection
EndGlobal
